
Microsoft Visual Studio Solution File, Format Version 12.00
# Visual Studio Version 16
VisualStudioVersion = 16.0.31605.320
MinimumVisualStudioVersion = 10.0.40219.1
Project("{FAE04EC0-301F-11D3-BF4B-00C04F79EFBC}") = "AutoKeyPresser", "AutoKeyPresser\AutoKeyPresser.csproj", "{65927770-DF31-4D8F-9DE6-E50540AD9480}"
EndProject
Global
	GlobalSection(SolutionConfigurationPlatforms) = preSolution
		Debug|Any CPU = Debug|Any CPU
		Release|Any CPU = Release|Any CPU
	EndGlobalSection
	GlobalSection(ProjectConfigurationPlatforms) = postSolution
		{65927770-DF31-4D8F-9DE6-E50540AD9480}.Debug|Any CPU.ActiveCfg = Debug|Any CPU
		{65927770-DF31-4D8F-9DE6-E50540AD9480}.Debug|Any CPU.Build.0 = Debug|Any CPU
		{65927770-DF31-4D8F-9DE6-E50540AD9480}.Release|Any CPU.ActiveCfg = Release|Any CPU
		{65927770-DF31-4D8F-9DE6-E50540AD9480}.Release|Any CPU.Build.0 = Release|Any CPU
	EndGlobalSection
	GlobalSection(SolutionProperties) = preSolution
		HideSolutionNode = FALSE
	EndGlobalSection
	GlobalSection(ExtensibilityGlobals) = postSolution
		SolutionGuid = {6E49D7FA-F849-4761-B8DA-2F3AC361472B}
	EndGlobalSection
EndGlobal
